// !$*UTF8*$!
{
	archiveVersion = 1;
	classes = {
	};
	objectVersion = 50;
	objects = {

/* Begin PBXBuildFile section */
		8622700C2409AFF90063A923 /* AppDelegate.swift in Sources */ = {isa = PBXBuildFile; fileRef = 8622700B2409AFF90063A923 /* AppDelegate.swift */; };
		8622700E2409AFF90063A923 /* GameScene.sks in Resources */ = {isa = PBXBuildFile; fileRef = 8622700D2409AFF90063A923 /* GameScene.sks */; };
		862270102409AFF90063A923 /* Actions.sks in Resources */ = {isa = PBXBuildFile; fileRef = 8622700F2409AFF90063A923 /* Actions.sks */; };
		862270122409AFF90063A923 /* GameScene.swift in Sources */ = {isa = PBXBuildFile; fileRef = 862270112409AFF90063A923 /* GameScene.swift */; };
		862270142409AFF90063A923 /* GameViewController.swift in Sources */ = {isa = PBXBuildFile; fileRef = 862270132409AFF90063A923 /* GameViewController.swift */; };
		862270172409AFF90063A923 /* Main.storyboard in Resources */ = {isa = PBXBuildFile; fileRef = 862270152409AFF90063A923 /* Main.storyboard */; };
		862270192409AFFB0063A923 /* Assets.xcassets in Resources */ = {isa = PBXBuildFile; fileRef = 862270182409AFFB0063A923 /* Assets.xcassets */; };
		8622701C2409AFFB0063A923 /* LaunchScreen.storyboard in Resources */ = {isa = PBXBuildFile; fileRef = 8622701A2409AFFB0063A923 /* LaunchScreen.storyboard */; };
		862270272409AFFB0063A923 /* GameTestTests.swift in Sources */ = {isa = PBXBuildFile; fileRef = 862270262409AFFB0063A923 /* GameTestTests.swift */; };
		862270322409AFFB0063A923 /* GameTestUITests.swift in Sources */ = {isa = PBXBuildFile; fileRef = 862270312409AFFB0063A923 /* GameTestUITests.swift */; };
		8648F9C32419894C00471876 /* LabelScene.sks in Resources */ = {isa = PBXBuildFile; fileRef = 8648F9C22419894C00471876 /* LabelScene.sks */; };
		86B20B39241ACBBC00341E51 /* Scene_00.swift in Sources */ = {isa = PBXBuildFile; fileRef = 86B20B38241ACBBC00341E51 /* Scene_00.swift */; };
		86FBFDDF24180E86005FB7B2 /* Scene_00.sks in Resources */ = {isa = PBXBuildFile; fileRef = 86FBFDDE24180E86005FB7B2 /* Scene_00.sks */; };
		FCC987E22416BC76007E466B /* LaunchViewController.swift in Sources */ = {isa = PBXBuildFile; fileRef = FCC987E12416BC76007E466B /* LaunchViewController.swift */; };
/* End PBXBuildFile section */

/* Begin PBXContainerItemProxy section */
		862270232409AFFB0063A923 /* PBXContainerItemProxy */ = {
			isa = PBXContainerItemProxy;
			containerPortal = 862270002409AFF90063A923 /* Project object */;
			proxyType = 1;
			remoteGlobalIDString = 862270072409AFF90063A923;
			remoteInfo = GameTest;
		};
		8622702E2409AFFB0063A923 /* PBXContainerItemProxy */ = {
			isa = PBXContainerItemProxy;
			containerPortal = 862270002409AFF90063A923 /* Project object */;
			proxyType = 1;
			remoteGlobalIDString = 862270072409AFF90063A923;
			remoteInfo = GameTest;
		};
/* End PBXContainerItemProxy section */

/* Begin PBXFileReference section */
		862270082409AFF90063A923 /* GameTest.app */ = {isa = PBXFileReference; explicitFileType = wrapper.application; includeInIndex = 0; path = GameTest.app; sourceTree = BUILT_PRODUCTS_DIR; };
		8622700B2409AFF90063A923 /* AppDelegate.swift */ = {isa = PBXFileReference; lastKnownFileType = sourcecode.swift; path = AppDelegate.swift; sourceTree = "<group>"; };
		8622700D2409AFF90063A923 /* GameScene.sks */ = {isa = PBXFileReference; lastKnownFileType = file.sks; path = GameScene.sks; sourceTree = "<group>"; };
		8622700F2409AFF90063A923 /* Actions.sks */ = {isa = PBXFileReference; lastKnownFileType = file.sks; path = Actions.sks; sourceTree = "<group>"; };
		862270112409AFF90063A923 /* GameScene.swift */ = {isa = PBXFileReference; lastKnownFileType = sourcecode.swift; path = GameScene.swift; sourceTree = "<group>"; };
		862270132409AFF90063A923 /* GameViewController.swift */ = {isa = PBXFileReference; lastKnownFileType = sourcecode.swift; path = GameViewController.swift; sourceTree = "<group>"; };
		862270162409AFF90063A923 /* Base */ = {isa = PBXFileReference; lastKnownFileType = file.storyboard; name = Base; path = Base.lproj/Main.storyboard; sourceTree = "<group>"; };
		862270182409AFFB0063A923 /* Assets.xcassets */ = {isa = PBXFileReference; lastKnownFileType = folder.assetcatalog; path = Assets.xcassets; sourceTree = "<group>"; };
		8622701B2409AFFB0063A923 /* Base */ = {isa = PBXFileReference; lastKnownFileType = file.storyboard; name = Base; path = Base.lproj/LaunchScreen.storyboard; sourceTree = "<group>"; };
		8622701D2409AFFB0063A923 /* Info.plist */ = {isa = PBXFileReference; lastKnownFileType = text.plist.xml; path = Info.plist; sourceTree = "<group>"; };
		862270222409AFFB0063A923 /* GameTestTests.xctest */ = {isa = PBXFileReference; explicitFileType = wrapper.cfbundle; includeInIndex = 0; path = GameTestTests.xctest; sourceTree = BUILT_PRODUCTS_DIR; };
		862270262409AFFB0063A923 /* GameTestTests.swift */ = {isa = PBXFileReference; lastKnownFileType = sourcecode.swift; path = GameTestTests.swift; sourceTree = "<group>"; };
		862270282409AFFB0063A923 /* Info.plist */ = {isa = PBXFileReference; lastKnownFileType = text.plist.xml; path = Info.plist; sourceTree = "<group>"; };
		8622702D2409AFFB0063A923 /* GameTestUITests.xctest */ = {isa = PBXFileReference; explicitFileType = wrapper.cfbundle; includeInIndex = 0; path = GameTestUITests.xctest; sourceTree = BUILT_PRODUCTS_DIR; };
		862270312409AFFB0063A923 /* GameTestUITests.swift */ = {isa = PBXFileReference; lastKnownFileType = sourcecode.swift; path = GameTestUITests.swift; sourceTree = "<group>"; };
		862270332409AFFB0063A923 /* Info.plist */ = {isa = PBXFileReference; lastKnownFileType = text.plist.xml; path = Info.plist; sourceTree = "<group>"; };
		8648F9C22419894C00471876 /* LabelScene.sks */ = {isa = PBXFileReference; lastKnownFileType = file.sks; path = LabelScene.sks; sourceTree = "<group>"; };
		86B20B38241ACBBC00341E51 /* Scene_00.swift */ = {isa = PBXFileReference; lastKnownFileType = sourcecode.swift; path = Scene_00.swift; sourceTree = "<group>"; };
		86FBFDDE24180E86005FB7B2 /* Scene_00.sks */ = {isa = PBXFileReference; lastKnownFileType = file.sks; path = Scene_00.sks; sourceTree = "<group>"; };
		FCC987E12416BC76007E466B /* LaunchViewController.swift */ = {isa = PBXFileReference; lastKnownFileType = sourcecode.swift; path = LaunchViewController.swift; sourceTree = "<group>"; };
/* End PBXFileReference section */

/* Begin PBXFrameworksBuildPhase section */
		862270052409AFF90063A923 /* Frameworks */ = {
			isa = PBXFrameworksBuildPhase;
			buildActionMask = 2147483647;
			files = (
			);
			runOnlyForDeploymentPostprocessing = 0;
		};
		8622701F2409AFFB0063A923 /* Frameworks */ = {
			isa = PBXFrameworksBuildPhase;
			buildActionMask = 2147483647;
			files = (
			);
			runOnlyForDeploymentPostprocessing = 0;
		};
		8622702A2409AFFB0063A923 /* Frameworks */ = {
			isa = PBXFrameworksBuildPhase;
			buildActionMask = 2147483647;
			files = (
			);
			runOnlyForDeploymentPostprocessing = 0;
		};
/* End PBXFrameworksBuildPhase section */

/* Begin PBXGroup section */
		86226FFF2409AFF90063A923 = {
			isa = PBXGroup;
			children = (
				8622700A2409AFF90063A923 /* GameTest */,
				862270252409AFFB0063A923 /* GameTestTests */,
				862270302409AFFB0063A923 /* GameTestUITests */,
				862270092409AFF90063A923 /* Products */,
			);
			sourceTree = "<group>";
		};
		862270092409AFF90063A923 /* Products */ = {
			isa = PBXGroup;
			children = (
				862270082409AFF90063A923 /* GameTest.app */,
				862270222409AFFB0063A923 /* GameTestTests.xctest */,
				8622702D2409AFFB0063A923 /* GameTestUITests.xctest */,
			);
			name = Products;
			sourceTree = "<group>";
		};
		8622700A2409AFF90063A923 /* GameTest */ = {
			isa = PBXGroup;
			children = (
				8662436E241AC00C00B16009 /* Scenes */,
				8662436F241AC03E00B16009 /* ScenScripts */,
				8622700B2409AFF90063A923 /* AppDelegate.swift */,
				862270132409AFF90063A923 /* GameViewController.swift */,
				FCC987E12416BC76007E466B /* LaunchViewController.swift */,
				862270152409AFF90063A923 /* Main.storyboard */,
				862270182409AFFB0063A923 /* Assets.xcassets */,
				8622701A2409AFFB0063A923 /* LaunchScreen.storyboard */,
				8622701D2409AFFB0063A923 /* Info.plist */,
			);
			path = GameTest;
			sourceTree = "<group>";
		};
		862270252409AFFB0063A923 /* GameTestTests */ = {
			isa = PBXGroup;
			children = (
				862270262409AFFB0063A923 /* GameTestTests.swift */,
				862270282409AFFB0063A923 /* Info.plist */,
			);
			path = GameTestTests;
			sourceTree = "<group>";
		};
		862270302409AFFB0063A923 /* GameTestUITests */ = {
			isa = PBXGroup;
			children = (
				862270312409AFFB0063A923 /* GameTestUITests.swift */,
				862270332409AFFB0063A923 /* Info.plist */,
			);
			path = GameTestUITests;
			sourceTree = "<group>";
		};
		8662436E241AC00C00B16009 /* Scenes */ = {
			isa = PBXGroup;
			children = (
				8622700F2409AFF90063A923 /* Actions.sks */,
				8622700D2409AFF90063A923 /* GameScene.sks */,
				86FBFDDE24180E86005FB7B2 /* Scene_00.sks */,
				8648F9C22419894C00471876 /* LabelScene.sks */,
			);
			path = Scenes;
			sourceTree = "<group>";
		};
		8662436F241AC03E00B16009 /* ScenScripts */ = {
			isa = PBXGroup;
			children = (
				862270112409AFF90063A923 /* GameScene.swift */,
				86B20B38241ACBBC00341E51 /* Scene_00.swift */,
			);
			path = ScenScripts;
			sourceTree = "<group>";
		};
/* End PBXGroup section */

/* Begin PBXNativeTarget section */
		862270072409AFF90063A923 /* GameTest */ = {
			isa = PBXNativeTarget;
			buildConfigurationList = 862270362409AFFB0063A923 /* Build configuration list for PBXNativeTarget "GameTest" */;
			buildPhases = (
				862270042409AFF90063A923 /* Sources */,
				862270052409AFF90063A923 /* Frameworks */,
				862270062409AFF90063A923 /* Resources */,
			);
			buildRules = (
			);
			dependencies = (
			);
			name = GameTest;
			productName = GameTest;
			productReference = 862270082409AFF90063A923 /* GameTest.app */;
			productType = "com.apple.product-type.application";
		};
		862270212409AFFB0063A923 /* GameTestTests */ = {
			isa = PBXNativeTarget;
			buildConfigurationList = 862270392409AFFB0063A923 /* Build configuration list for PBXNativeTarget "GameTestTests" */;
			buildPhases = (
				8622701E2409AFFB0063A923 /* Sources */,
				8622701F2409AFFB0063A923 /* Frameworks */,
				862270202409AFFB0063A923 /* Resources */,
			);
			buildRules = (
			);
			dependencies = (
				862270242409AFFB0063A923 /* PBXTargetDependency */,
			);
			name = GameTestTests;
			productName = GameTestTests;
			productReference = 862270222409AFFB0063A923 /* GameTestTests.xctest */;
			productType = "com.apple.product-type.bundle.unit-test";
		};
		8622702C2409AFFB0063A923 /* GameTestUITests */ = {
			isa = PBXNativeTarget;
			buildConfigurationList = 8622703C2409AFFB0063A923 /* Build configuration list for PBXNativeTarget "GameTestUITests" */;
			buildPhases = (
				862270292409AFFB0063A923 /* Sources */,
				8622702A2409AFFB0063A923 /* Frameworks */,
				8622702B2409AFFB0063A923 /* Resources */,
			);
			buildRules = (
			);
			dependencies = (
				8622702F2409AFFB0063A923 /* PBXTargetDependency */,
			);
			name = GameTestUITests;
			productName = GameTestUITests;
			productReference = 8622702D2409AFFB0063A923 /* GameTestUITests.xctest */;
			productType = "com.apple.product-type.bundle.ui-testing";
		};
/* End PBXNativeTarget section */

/* Begin PBXProject section */
		862270002409AFF90063A923 /* Project object */ = {
			isa = PBXProject;
			attributes = {
				LastSwiftUpdateCheck = 1130;
				LastUpgradeCheck = 1130;
				ORGANIZATIONNAME = "Jesus Roberto Gonzalez Fonseca ";
				TargetAttributes = {
					862270072409AFF90063A923 = {
						CreatedOnToolsVersion = 11.3.1;
					};
					862270212409AFFB0063A923 = {
						CreatedOnToolsVersion = 11.3.1;
						TestTargetID = 862270072409AFF90063A923;
					};
					8622702C2409AFFB0063A923 = {
						CreatedOnToolsVersion = 11.3.1;
						TestTargetID = 862270072409AFF90063A923;
					};
				};
			};
			buildConfigurationList = 862270032409AFF90063A923 /* Build configuration list for PBXProject "GameTest" */;
			compatibilityVersion = "Xcode 9.3";
			developmentRegion = en;
			hasScannedForEncodings = 0;
			knownRegions = (
				en,
				Base,
			);
			mainGroup = 86226FFF2409AFF90063A923;
			productRefGroup = 862270092409AFF90063A923 /* Products */;
			projectDirPath = "";
			projectRoot = "";
			targets = (
				862270072409AFF90063A923 /* GameTest */,
				862270212409AFFB0063A923 /* GameTestTests */,
				8622702C2409AFFB0063A923 /* GameTestUITests */,
			);
		};
/* End PBXProject section */

/* Begin PBXResourcesBuildPhase section */
		862270062409AFF90063A923 /* Resources */ = {
			isa = PBXResourcesBuildPhase;
			buildActionMask = 2147483647;
			files = (
				86FBFDDF24180E86005FB7B2 /* Scene_00.sks in Resources */,
				862270172409AFF90063A923 /* Main.storyboard in Resources */,
				8648F9C32419894C00471876 /* LabelScene.sks in Resources */,
				8622700E2409AFF90063A923 /* GameScene.sks in Resources */,
				862270192409AFFB0063A923 /* Assets.xcassets in Resources */,
				8622701C2409AFFB0063A923 /* LaunchScreen.storyboard in Resources */,
				862270102409AFF90063A923 /* Actions.sks in Resources */,
			);
			runOnlyForDeploymentPostprocessing = 0;
		};
		862270202409AFFB0063A923 /* Resources */ = {
			isa = PBXResourcesBuildPhase;
			buildActionMask = 2147483647;
			files = (
			);
			runOnlyForDeploymentPostprocessing = 0;
		};
		8622702B2409AFFB0063A923 /* Resources */ = {
			isa = PBXResourcesBuildPhase;
			buildActionMask = 2147483647;
			files = (
			);
			runOnlyForDeploymentPostprocessing = 0;
		};
/* End PBXResourcesBuildPhase section */

/* Begin PBXSourcesBuildPhase section */
		862270042409AFF90063A923 /* Sources */ = {
			isa = PBXSourcesBuildPhase;
			buildActionMask = 2147483647;
			files = (
				86B20B39241ACBBC00341E51 /* Scene_00.swift in Sources */,
				862270122409AFF90063A923 /* GameScene.swift in Sources */,
				862270142409AFF90063A923 /* GameViewController.swift in Sources */,
				8622700C2409AFF90063A923 /* AppDelegate.swift in Sources */,
				FCC987E22416BC76007E466B /* LaunchViewController.swift in Sources */,
			);
			runOnlyForDeploymentPostprocessing = 0;
		};
		8622701E2409AFFB0063A923 /* Sources */ = {
			isa = PBXSourcesBuildPhase;
			buildActionMask = 2147483647;
			files = (
				862270272409AFFB0063A923 /* GameTestTests.swift in Sources */,
			);
			runOnlyForDeploymentPostprocessing = 0;
		};
		862270292409AFFB0063A923 /* Sources */ = {
			isa = PBXSourcesBuildPhase;
			buildActionMask = 2147483647;
			files = (
				862270322409AFFB0063A923 /* GameTestUITests.swift in Sources */,
			);
			runOnlyForDeploymentPostprocessing = 0;
		};
/* End PBXSourcesBuildPhase section */

/* Begin PBXTargetDependency section */
		862270242409AFFB0063A923 /* PBXTargetDependency */ = {
			isa = PBXTargetDependency;
			target = 862270072409AFF90063A923 /* GameTest */;
			targetProxy = 862270232409AFFB0063A923 /* PBXContainerItemProxy */;
		};
		8622702F2409AFFB0063A923 /* PBXTargetDependency */ = {
			isa = PBXTargetDependency;
			target = 862270072409AFF90063A923 /* GameTest */;
			targetProxy = 8622702E2409AFFB0063A923 /* PBXContainerItemProxy */;
		};
/* End PBXTargetDependency section */

/* Begin PBXVariantGroup section */
		862270152409AFF90063A923 /* Main.storyboard */ = {
			isa = PBXVariantGroup;
			children = (
				862270162409AFF90063A923 /* Base */,
			);
			name = Main.storyboard;
			sourceTree = "<group>";
		};
		8622701A2409AFFB0063A923 /* LaunchScreen.storyboard */ = {
			isa = PBXVariantGroup;
			children = (
				8622701B2409AFFB0063A923 /* Base */,
			);
			name = LaunchScreen.storyboard;
			sourceTree = "<group>";
		};
/* End PBXVariantGroup section */

/* Begin XCBuildConfiguration section */
		862270342409AFFB0063A923 /* Debug */ = {
			isa = XCBuildConfiguration;
			buildSettings = {
				ALWAYS_SEARCH_USER_PATHS = NO;
				CLANG_ANALYZER_NONNULL = YES;
				CLANG_ANALYZER_NUMBER_OBJECT_CONVERSION = YES_AGGRESSIVE;
				CLANG_CXX_LANGUAGE_STANDARD = "gnu++14";
				CLANG_CXX_LIBRARY = "libc++";
				CLANG_ENABLE_MODULES = YES;
				CLANG_ENABLE_OBJC_ARC = YES;
				CLANG_ENABLE_OBJC_WEAK = YES;
				CLANG_WARN_BLOCK_CAPTURE_AUTORELEASING = YES;
				CLANG_WARN_BOOL_CONVERSION = YES;
				CLANG_WARN_COMMA = YES;
				CLANG_WARN_CONSTANT_CONVERSION = YES;
				CLANG_WARN_DEPRECATED_OBJC_IMPLEMENTATIONS = YES;
				CLANG_WARN_DIRECT_OBJC_ISA_USAGE = YES_ERROR;
				CLANG_WARN_DOCUMENTATION_COMMENTS = YES;
				CLANG_WARN_EMPTY_BODY = YES;
				CLANG_WARN_ENUM_CONVERSION = YES;
				CLANG_WARN_INFINITE_RECURSION = YES;
				CLANG_WARN_INT_CONVERSION = YES;
				CLANG_WARN_NON_LITERAL_NULL_CONVERSION = YES;
				CLANG_WARN_OBJC_IMPLICIT_RETAIN_SELF = YES;
				CLANG_WARN_OBJC_LITERAL_CONVERSION = YES;
				CLANG_WARN_OBJC_ROOT_CLASS = YES_ERROR;
				CLANG_WARN_RANGE_LOOP_ANALYSIS = YES;
				CLANG_WARN_STRICT_PROTOTYPES = YES;
				CLANG_WARN_SUSPICIOUS_MOVE = YES;
				CLANG_WARN_UNGUARDED_AVAILABILITY = YES_AGGRESSIVE;
				CLANG_WARN_UNREACHABLE_CODE = YES;
				CLANG_WARN__DUPLICATE_METHOD_MATCH = YES;
				COPY_PHASE_STRIP = NO;
				DEBUG_INFORMATION_FORMAT = dwarf;
				ENABLE_STRICT_OBJC_MSGSEND = YES;
				ENABLE_TESTABILITY = YES;
				GCC_C_LANGUAGE_STANDARD = gnu11;
				GCC_DYNAMIC_NO_PIC = NO;
				GCC_NO_COMMON_BLOCKS = YES;
				GCC_OPTIMIZATION_LEVEL = 0;
				GCC_PREPROCESSOR_DEFINITIONS = (
					"DEBUG=1",
					"$(inherited)",
				);
				GCC_WARN_64_TO_32_BIT_CONVERSION = YES;
				GCC_WARN_ABOUT_RETURN_TYPE = YES_ERROR;
				GCC_WARN_UNDECLARED_SELECTOR = YES;
				GCC_WARN_UNINITIALIZED_AUTOS = YES_AGGRESSIVE;
				GCC_WARN_UNUSED_FUNCTION = YES;
				GCC_WARN_UNUSED_VARIABLE = YES;
				IPHONEOS_DEPLOYMENT_TARGET = 13.2;
				MTL_ENABLE_DEBUG_INFO = INCLUDE_SOURCE;
				MTL_FAST_MATH = YES;
				ONLY_ACTIVE_ARCH = YES;
				SDKROOT = iphoneos;
				SWIFT_ACTIVE_COMPILATION_CONDITIONS = DEBUG;
				SWIFT_OPTIMIZATION_LEVEL = "-Onone";
			};
			name = Debug;
		};
		862270352409AFFB0063A923 /* Release */ = {
			isa = XCBuildConfiguration;
			buildSettings = {
				ALWAYS_SEARCH_USER_PATHS = NO;
				CLANG_ANALYZER_NONNULL = YES;
				CLANG_ANALYZER_NUMBER_OBJECT_CONVERSION = YES_AGGRESSIVE;
				CLANG_CXX_LANGUAGE_STANDARD = "gnu++14";
				CLANG_CXX_LIBRARY = "libc++";
				CLANG_ENABLE_MODULES = YES;
				CLANG_ENABLE_OBJC_ARC = YES;
				CLANG_ENABLE_OBJC_WEAK = YES;
				CLANG_WARN_BLOCK_CAPTURE_AUTORELEASING = YES;
				CLANG_WARN_BOOL_CONVERSION = YES;
				CLANG_WARN_COMMA = YES;
				CLANG_WARN_CONSTANT_CONVERSION = YES;
				CLANG_WARN_DEPRECATED_OBJC_IMPLEMENTATIONS = YES;
				CLANG_WARN_DIRECT_OBJC_ISA_USAGE = YES_ERROR;
				CLANG_WARN_DOCUMENTATION_COMMENTS = YES;
				CLANG_WARN_EMPTY_BODY = YES;
				CLANG_WARN_ENUM_CONVERSION = YES;
				CLANG_WARN_INFINITE_RECURSION = YES;
				CLANG_WARN_INT_CONVERSION = YES;
				CLANG_WARN_NON_LITERAL_NULL_CONVERSION = YES;
				CLANG_WARN_OBJC_IMPLICIT_RETAIN_SELF = YES;
				CLANG_WARN_OBJC_LITERAL_CONVERSION = YES;
				CLANG_WARN_OBJC_ROOT_CLASS = YES_ERROR;
				CLANG_WARN_RANGE_LOOP_ANALYSIS = YES;
				CLANG_WARN_STRICT_PROTOTYPES = YES;
				CLANG_WARN_SUSPICIOUS_MOVE = YES;
				CLANG_WARN_UNGUARDED_AVAILABILITY = YES_AGGRESSIVE;
				CLANG_WARN_UNREACHABLE_CODE = YES;
				CLANG_WARN__DUPLICATE_METHOD_MATCH = YES;
				COPY_PHASE_STRIP = NO;
				DEBUG_INFORMATION_FORMAT = "dwarf-with-dsym";
				ENABLE_NS_ASSERTIONS = NO;
				ENABLE_STRICT_OBJC_MSGSEND = YES;
				GCC_C_LANGUAGE_STANDARD = gnu11;
				GCC_NO_COMMON_BLOCKS = YES;
				GCC_WARN_64_TO_32_BIT_CONVERSION = YES;
				GCC_WARN_ABOUT_RETURN_TYPE = YES_ERROR;
				GCC_WARN_UNDECLARED_SELECTOR = YES;
				GCC_WARN_UNINITIALIZED_AUTOS = YES_AGGRESSIVE;
				GCC_WARN_UNUSED_FUNCTION = YES;
				GCC_WARN_UNUSED_VARIABLE = YES;
				IPHONEOS_DEPLOYMENT_TARGET = 13.2;
				MTL_ENABLE_DEBUG_INFO = NO;
				MTL_FAST_MATH = YES;
				SDKROOT = iphoneos;
				SWIFT_COMPILATION_MODE = wholemodule;
				SWIFT_OPTIMIZATION_LEVEL = "-O";
				VALIDATE_PRODUCT = YES;
			};
			name = Release;
		};
		862270372409AFFB0063A923 /* Debug */ = {
			isa = XCBuildConfiguration;
			buildSettings = {
				ASSETCATALOG_COMPILER_APPICON_NAME = AppIcon;
				CODE_SIGN_STYLE = Automatic;
				DEVELOPMENT_TEAM = 25VCUTX828;
				INFOPLIST_FILE = GameTest/Info.plist;
				IPHONEOS_DEPLOYMENT_TARGET = 13.2;
				LD_RUNPATH_SEARCH_PATHS = (
					"$(inherited)",
					"@executable_path/Frameworks",
				);
				PRODUCT_BUNDLE_IDENTIFIER = com.ligth.GameTest;
				PRODUCT_NAME = "$(TARGET_NAME)";
				SWIFT_VERSION = 5.0;
				TARGETED_DEVICE_FAMILY = "1,2";
			};
			name = Debug;
		};
		862270382409AFFB0063A923 /* Release */ = {
			isa = XCBuildConfiguration;
			buildSettings = {
				ASSETCATALOG_COMPILER_APPICON_NAME = AppIcon;
				CODE_SIGN_STYLE = Automatic;
				DEVELOPMENT_TEAM = 25VCUTX828;
				INFOPLIST_FILE = GameTest/Info.plist;
				IPHONEOS_DEPLOYMENT_TARGET = 13.2;
				LD_RUNPATH_SEARCH_PATHS = (
					"$(inherited)",
					"@executable_path/Frameworks",
				);
				PRODUCT_BUNDLE_IDENTIFIER = com.ligth.GameTest;
				PRODUCT_NAME = "$(TARGET_NAME)";
				SWIFT_VERSION = 5.0;
				TARGETED_DEVICE_FAMILY = "1,2";
			};
			name = Release;
		};
		8622703A2409AFFB0063A923 /* Debug */ = {
			isa = XCBuildConfiguration;
			buildSettings = {
				ALWAYS_EMBED_SWIFT_STANDARD_LIBRARIES = YES;
				BUNDLE_LOADER = "$(TEST_HOST)";
				CODE_SIGN_STYLE = Automatic;
				DEVELOPMENT_TEAM = 25VCUTX828;
				INFOPLIST_FILE = GameTestTests/Info.plist;
				IPHONEOS_DEPLOYMENT_TARGET = 13.2;
				LD_RUNPATH_SEARCH_PATHS = (
					"$(inherited)",
					"@executable_path/Frameworks",
					"@loader_path/Frameworks",
				);
				PRODUCT_BUNDLE_IDENTIFIER = com.ligth.GameTestTests;
				PRODUCT_NAME = "$(TARGET_NAME)";
				SWIFT_VERSION = 5.0;
				TARGETED_DEVICE_FAMILY = "1,2";
				TEST_HOST = "$(BUILT_PRODUCTS_DIR)/GameTest.app/GameTest";
			};
			name = Debug;
		};
		8622703B2409AFFB0063A923 /* Release */ = {
			isa = XCBuildConfiguration;
			buildSettings = {
				ALWAYS_EMBED_SWIFT_STANDARD_LIBRARIES = YES;
				BUNDLE_LOADER = "$(TEST_HOST)";
				CODE_SIGN_STYLE = Automatic;
				DEVELOPMENT_TEAM = 25VCUTX828;
				INFOPLIST_FILE = GameTestTests/Info.plist;
				IPHONEOS_DEPLOYMENT_TARGET = 13.2;
				LD_RUNPATH_SEARCH_PATHS = (
					"$(inherited)",
					"@executable_path/Frameworks",
					"@loader_path/Frameworks",
				);
				PRODUCT_BUNDLE_IDENTIFIER = com.ligth.GameTestTests;
				PRODUCT_NAME = "$(TARGET_NAME)";
				SWIFT_VERSION = 5.0;
				TARGETED_DEVICE_FAMILY = "1,2";
				TEST_HOST = "$(BUILT_PRODUCTS_DIR)/GameTest.app/GameTest";
			};
			name = Release;
		};
		8622703D2409AFFB0063A923 /* Debug */ = {
			isa = XCBuildConfiguration;
			buildSettings = {
				ALWAYS_EMBED_SWIFT_STANDARD_LIBRARIES = YES;
				CODE_SIGN_STYLE = Automatic;
				DEVELOPMENT_TEAM = 25VCUTX828;
				INFOPLIST_FILE = GameTestUITests/Info.plist;
				LD_RUNPATH_SEARCH_PATHS = (
					"$(inherited)",
					"@executable_path/Frameworks",
					"@loader_path/Frameworks",
				);
				PRODUCT_BUNDLE_IDENTIFIER = com.ligth.GameTestUITests;
				PRODUCT_NAME = "$(TARGET_NAME)";
				SWIFT_VERSION = 5.0;
				TARGETED_DEVICE_FAMILY = "1,2";
				TEST_TARGET_NAME = GameTest;
			};
			name = Debug;
		};
		8622703E2409AFFB0063A923 /* Release */ = {
			isa = XCBuildConfiguration;
			buildSettings = {
				ALWAYS_EMBED_SWIFT_STANDARD_LIBRARIES = YES;
				CODE_SIGN_STYLE = Automatic;
				DEVELOPMENT_TEAM = 25VCUTX828;
				INFOPLIST_FILE = GameTestUITests/Info.plist;
				LD_RUNPATH_SEARCH_PATHS = (
					"$(inherited)",
					"@executable_path/Frameworks",
					"@loader_path/Frameworks",
				);
				PRODUCT_BUNDLE_IDENTIFIER = com.ligth.GameTestUITests;
				PRODUCT_NAME = "$(TARGET_NAME)";
				SWIFT_VERSION = 5.0;
				TARGETED_DEVICE_FAMILY = "1,2";
				TEST_TARGET_NAME = GameTest;
			};
			name = Release;
		};
/* End XCBuildConfiguration section */

/* Begin XCConfigurationList section */
		862270032409AFF90063A923 /* Build configuration list for PBXProject "GameTest" */ = {
			isa = XCConfigurationList;
			buildConfigurations = (
				862270342409AFFB0063A923 /* Debug */,
				862270352409AFFB0063A923 /* Release */,
			);
			defaultConfigurationIsVisible = 0;
			defaultConfigurationName = Release;
		};
		862270362409AFFB0063A923 /* Build configuration list for PBXNativeTarget "GameTest" */ = {
			isa = XCConfigurationList;
			buildConfigurations = (
				862270372409AFFB0063A923 /* Debug */,
				862270382409AFFB0063A923 /* Release */,
			);
			defaultConfigurationIsVisible = 0;
			defaultConfigurationName = Release;
		};
		862270392409AFFB0063A923 /* Build configuration list for PBXNativeTarget "GameTestTests" */ = {
			isa = XCConfigurationList;
			buildConfigurations = (
				8622703A2409AFFB0063A923 /* Debug */,
				8622703B2409AFFB0063A923 /* Release */,
			);
			defaultConfigurationIsVisible = 0;
			defaultConfigurationName = Release;
		};
		8622703C2409AFFB0063A923 /* Build configuration list for PBXNativeTarget "GameTestUITests" */ = {
			isa = XCConfigurationList;
			buildConfigurations = (
				8622703D2409AFFB0063A923 /* Debug */,
				8622703E2409AFFB0063A923 /* Release */,
			);
			defaultConfigurationIsVisible = 0;
			defaultConfigurationName = Release;
		};
/* End XCConfigurationList section */
	};
	rootObject = 862270002409AFF90063A923 /* Project object */;
}
